github.com/davecgh/go-spew v1.1.1 h1:vj9j/u1bqnvCEfJOwUhtlOARqs3+rkHYY13jYWTU97c=
github.com/davecgh/go-spew v1.1.1/go.mod h1:J7Y8YcW2NihsgmVo/mv3lAwl/skON4iLHjSsI+c5H38=
github.com/konsorten/go-windows-terminal-sequences v1.0.1 h1:mweAR1A6xJ3oS2pRaGiHgQ4OO8tzTaLawm8vnODuwDk=
github.com/konsorten/go-windows-terminal-sequences v1.0.1/go.mod h1:T0+1ngSBFLxvqU3pZ+m/2kptfBszLMUkC4ZK/EgS/cQ=
github.com/pmezard/go-difflib v1.0.0 h1:4DBwDE0NGyQoBHbLQYPwSUPoCMWR5BEzIk/f1lZbAQM=
github.com/pmezard/go-difflib v1.0.0/go.mod h1:iKH77koFhYxTK1pcRnkKkqfTogsbg7gZNVY4sRDYZ/4=
github.com/satori/go.uuid v1.2.1-0.20181028125025-b2ce2384e17b h1:gQZ0qzfKHQIybLANtM3mBXNUtOfsCFXeTsnBqCsx1KM=
github.com/satori/go.uuid v1.2.1-0.20181028125025-b2ce2384e17b/go.mod h1:dA0hQrYB0VpLJoorglMZABFdXlWrHn1NEOzdhQKdks0=
github.com/sirupsen/logrus v1.3.0 h1:hI/7Q+DtNZ2kINb6qt/lS+IyXnHQe9e90POfeewL/ME=
github.com/sirupsen/logrus v1.3.0/go.mod h1:LxeOpSwHxABJmUn/MG1IvRgCAasNZTLOkJPxbbu5VWo=
github.com/stretchr/objx v0.1.1/go.mod h1:HFkY916IF+rwdDfMAkV7OtwuqBVzrE8GR6GFx+wExME=
github.com/stretchr/testify v1.2.2 h1:bSDNvY7ZPG5RlJ8otE/7V6gMiyenm9RtJ7IUVIAoJ1w=
github.com/stretchr/testify v1.2.2/go.mod h1:a8OnRcib4nhh0OaRAV+Yts87kKdq0PP7pXfy6kDkUVs=
gitlab.devtools.intel.com/sst/isecl/lib/common v0.0.0-20181204182634-9757af288836 h1:YrcRMML46+JDS+vy7OqEpJSSg+hEpKw5L0L8yPYjEQc=
gitlab.devtools.intel.com/sst/isecl/lib/common v0.0.0-20181204182634-9757af288836/go.mod h1:QoBuIKg0Olk/c0420oq1X87FqNfzduAA38tFMqDRU+8=
gitlab.devtools.intel.com/sst/isecl/lib/common v0.0.0-20181217195332-9f4e8677ff28 h1:oKzk8mY3ZRDxXloaoxn7GutrIlVoPT8tRJ6CWutPFWM=
gitlab.devtools.intel.com/sst/isecl/lib/common v0.0.0-20181217195332-9f4e8677ff28/go.mod h1:QoBuIKg0Olk/c0420oq1X87FqNfzduAA38tFMqDRU+8=
gitlab.devtools.intel.com/sst/isecl/lib/common v0.0.0-20181218185421-b8d5dae998f1 h1:vTnwMo5WeWtyqGS/mT8lS//jyUJwuA+0jr1C1Rq3A6I=
gitlab.devtools.intel.com/sst/isecl/lib/common v0.0.0-20181218185421-b8d5dae998f1/go.mod h1:QoBuIKg0Olk/c0420oq1X87FqNfzduAA38tFMqDRU+8=
gitlab.devtools.intel.com/sst/isecl/lib/common v0.0.0-20181219001924-c333b49a3b24 h1:45wIoseQvMLHtcZKqt0331HXju50KzPaQt27ojD9VKo=
gitlab.devtools.intel.com/sst/isecl/lib/common v0.0.0-20181219001924-c333b49a3b24/go.mod h1:QoBuIKg0Olk/c0420oq1X87FqNfzduAA38tFMqDRU+8=
gitlab.devtools.intel.com/sst/isecl/lib/common v0.0.0-20190205212636-f4dfec8e8112 h1:PrPcdwbwFDHHxnjGrZNL1RTBnXmbudt2ztiWNsLBKmI=
gitlab.devtools.intel.com/sst/isecl/lib/common v0.0.0-20190205212636-f4dfec8e8112/go.mod h1:QoBuIKg0Olk/c0420oq1X87FqNfzduAA38tFMqDRU+8=
gitlab.devtools.intel.com/sst/isecl/lib/common v0.0.0-20190206023741-f8f931a5661f h1:mdu53/jlOzjg7cZgtRns1H64w+1IsBqhx6/dti+1RDo=
gitlab.devtools.intel.com/sst/isecl/lib/common v0.0.0-20190206023741-f8f931a5661f/go.mod h1:QoBuIKg0Olk/c0420oq1X87FqNfzduAA38tFMqDRU+8=
gitlab.devtools.intel.com/sst/isecl/lib/common v0.0.0-20190207100923-aa4601115ea2 h1:2Gi7hv/Vzoev2yskx6NGJimXeYND4nOkqgxvGYqKnBs=
gitlab.devtools.intel.com/sst/isecl/lib/common v0.0.0-20190207100923-aa4601115ea2/go.mod h1:QoBuIKg0Olk/c0420oq1X87FqNfzduAA38tFMqDRU+8=
gitlab.devtools.intel.com/sst/isecl/lib/flavor v0.0.0-20181206181952-1ec1e81fed41 h1:Lcn5jx9SIzKgUoz+SnBtv27iYb63gkds3/Wukrbu5Dk=
gitlab.devtools.intel.com/sst/isecl/lib/flavor v0.0.0-20181206181952-1ec1e81fed41/go.mod h1:fCTEU9j0ghUk5WedUJokcVkjOym9WdeXhakwa+gH8u0=
golang.org/x/crypto v0.0.0-20180904163835-0709b304e793/go.mod h1:6SG95UA2DQfeDnfUPMdvaQW0Q7yPrPDi9nlGo2tz2b4=
golang.org/x/sys v0.0.0-20180905080454-ebe1bf3edb33/go.mod h1:STP8DvDyc/dI5b8T5hshtkjS+E42TnysNCUPdjciGhY=
